// !$*UTF8*$!
{
	archiveVersion = 1;
	classes = {
	};
	objectVersion = 51;
	objects = {

/* Begin PBXBuildFile section */
		76244C31254540CC00F52C3D /* LXSwiftSign.swift in Sources */ = {isa = PBXBuildFile; fileRef = 76244C30254540CC00F52C3D /* LXSwiftSign.swift */; };
		76244C332545468B00F52C3D /* LXSwiftHASH.swift in Sources */ = {isa = PBXBuildFile; fileRef = 76244C322545468B00F52C3D /* LXSwiftHASH.swift */; };
		7656FFC725447D7200FE25D5 /* AppDelegate.swift in Sources */ = {isa = PBXBuildFile; fileRef = 7656FFC625447D7200FE25D5 /* AppDelegate.swift */; };
		7656FFC925447D7200FE25D5 /* SceneDelegate.swift in Sources */ = {isa = PBXBuildFile; fileRef = 7656FFC825447D7200FE25D5 /* SceneDelegate.swift */; };
		7656FFCB25447D7200FE25D5 /* ViewController.swift in Sources */ = {isa = PBXBuildFile; fileRef = 7656FFCA25447D7200FE25D5 /* ViewController.swift */; };
		7656FFCE25447D7200FE25D5 /* Main.storyboard in Resources */ = {isa = PBXBuildFile; fileRef = 7656FFCC25447D7200FE25D5 /* Main.storyboard */; };
		7656FFD025447D7400FE25D5 /* Assets.xcassets in Resources */ = {isa = PBXBuildFile; fileRef = 7656FFCF25447D7400FE25D5 /* Assets.xcassets */; };
		7656FFD325447D7400FE25D5 /* LaunchScreen.storyboard in Resources */ = {isa = PBXBuildFile; fileRef = 7656FFD125447D7400FE25D5 /* LaunchScreen.storyboard */; };
		7656FFDC25447D8600FE25D5 /* LXSwiftAES.swift in Sources */ = {isa = PBXBuildFile; fileRef = 7656FFDB25447D8600FE25D5 /* LXSwiftAES.swift */; };
		7656FFDE2544847400FE25D5 /* LXSwiftSecurity.swift in Sources */ = {isa = PBXBuildFile; fileRef = 7656FFDD2544847400FE25D5 /* LXSwiftSecurity.swift */; };
		7656FFE02544999000FE25D5 /* LXSwiftRSA.swift in Sources */ = {isa = PBXBuildFile; fileRef = 7656FFDF2544999000FE25D5 /* LXSwiftRSA.swift */; };
		767CC65225456EEB0019E67A /* LXSwiftSecurity.podspec in Resources */ = {isa = PBXBuildFile; fileRef = 767CC65125456EEB0019E67A /* LXSwiftSecurity.podspec */; };
		C9000CF61F7A461FA1CAA3F3 /* Pods_LXSwiftSecurityModule.framework in Frameworks */ = {isa = PBXBuildFile; fileRef = CFCDB08C23AFF6E889E77B78 /* Pods_LXSwiftSecurityModule.framework */; };
/* End PBXBuildFile section */

/* Begin PBXFileReference section */
		49DA8DE3F03B698ACC082C32 /* Pods-LXSwiftSecurityModule.debug.xcconfig */ = {isa = PBXFileReference; includeInIndex = 1; lastKnownFileType = text.xcconfig; name = "Pods-LXSwiftSecurityModule.debug.xcconfig"; path = "Target Support Files/Pods-LXSwiftSecurityModule/Pods-LXSwiftSecurityModule.debug.xcconfig"; sourceTree = "<group>"; };
		76244C30254540CC00F52C3D /* LXSwiftSign.swift */ = {isa = PBXFileReference; lastKnownFileType = sourcecode.swift; path = LXSwiftSign.swift; sourceTree = "<group>"; };
		76244C322545468B00F52C3D /* LXSwiftHASH.swift */ = {isa = PBXFileReference; lastKnownFileType = sourcecode.swift; path = LXSwiftHASH.swift; sourceTree = "<group>"; };
		7656FFC325447D7200FE25D5 /* LXSwiftSecurityModule.app */ = {isa = PBXFileReference; explicitFileType = wrapper.application; includeInIndex = 0; path = LXSwiftSecurityModule.app; sourceTree = BUILT_PRODUCTS_DIR; };
		7656FFC625447D7200FE25D5 /* AppDelegate.swift */ = {isa = PBXFileReference; lastKnownFileType = sourcecode.swift; path = AppDelegate.swift; sourceTree = "<group>"; };
		7656FFC825447D7200FE25D5 /* SceneDelegate.swift */ = {isa = PBXFileReference; lastKnownFileType = sourcecode.swift; path = SceneDelegate.swift; sourceTree = "<group>"; };
		7656FFCA25447D7200FE25D5 /* ViewController.swift */ = {isa = PBXFileReference; lastKnownFileType = sourcecode.swift; path = ViewController.swift; sourceTree = "<group>"; };
		7656FFCD25447D7200FE25D5 /* Base */ = {isa = PBXFileReference; lastKnownFileType = file.storyboard; name = Base; path = Base.lproj/Main.storyboard; sourceTree = "<group>"; };
		7656FFCF25447D7400FE25D5 /* Assets.xcassets */ = {isa = PBXFileReference; lastKnownFileType = folder.assetcatalog; path = Assets.xcassets; sourceTree = "<group>"; };
		7656FFD225447D7400FE25D5 /* Base */ = {isa = PBXFileReference; lastKnownFileType = file.storyboard; name = Base; path = Base.lproj/LaunchScreen.storyboard; sourceTree = "<group>"; };
		7656FFD425447D7400FE25D5 /* Info.plist */ = {isa = PBXFileReference; lastKnownFileType = text.plist.xml; path = Info.plist; sourceTree = "<group>"; };
		7656FFDB25447D8600FE25D5 /* LXSwiftAES.swift */ = {isa = PBXFileReference; fileEncoding = 4; lastKnownFileType = sourcecode.swift; path = LXSwiftAES.swift; sourceTree = "<group>"; };
		7656FFDD2544847400FE25D5 /* LXSwiftSecurity.swift */ = {isa = PBXFileReference; lastKnownFileType = sourcecode.swift; path = LXSwiftSecurity.swift; sourceTree = "<group>"; };
		7656FFDF2544999000FE25D5 /* LXSwiftRSA.swift */ = {isa = PBXFileReference; lastKnownFileType = sourcecode.swift; path = LXSwiftRSA.swift; sourceTree = "<group>"; };
		767CC65125456EEB0019E67A /* LXSwiftSecurity.podspec */ = {isa = PBXFileReference; fileEncoding = 4; lastKnownFileType = text; path = LXSwiftSecurity.podspec; sourceTree = "<group>"; xcLanguageSpecificationIdentifier = xcode.lang.ruby; };
		79D92BF8D2391A9F6475F476 /* Pods-LXSwiftSecurityModule.release.xcconfig */ = {isa = PBXFileReference; includeInIndex = 1; lastKnownFileType = text.xcconfig; name = "Pods-LXSwiftSecurityModule.release.xcconfig"; path = "Target Support Files/Pods-LXSwiftSecurityModule/Pods-LXSwiftSecurityModule.release.xcconfig"; sourceTree = "<group>"; };
		CFCDB08C23AFF6E889E77B78 /* Pods_LXSwiftSecurityModule.framework */ = {isa = PBXFileReference; explicitFileType = wrapper.framework; includeInIndex = 0; path = Pods_LXSwiftSecurityModule.framework; sourceTree = BUILT_PRODUCTS_DIR; };
/* End PBXFileReference section */

/* Begin PBXFrameworksBuildPhase section */
		7656FFC025447D7200FE25D5 /* Frameworks */ = {
			isa = PBXFrameworksBuildPhase;
			buildActionMask = 2147483647;
			files = (
				C9000CF61F7A461FA1CAA3F3 /* Pods_LXSwiftSecurityModule.framework in Frameworks */,
			);
			runOnlyForDeploymentPostprocessing = 0;
		};
/* End PBXFrameworksBuildPhase section */

/* Begin PBXGroup section */
		0407BF5AF90CF51A7B92AF1E /* Frameworks */ = {
			isa = PBXGroup;
			children = (
				CFCDB08C23AFF6E889E77B78 /* Pods_LXSwiftSecurityModule.framework */,
			);
			name = Frameworks;
			sourceTree = "<group>";
		};
		7656FFBA25447D7200FE25D5 = {
			isa = PBXGroup;
			children = (
				767CC65125456EEB0019E67A /* LXSwiftSecurity.podspec */,
				7656FFDA25447D8600FE25D5 /* LXSwiftSecurity */,
				7656FFC525447D7200FE25D5 /* LXSwiftSecurityModule */,
				7656FFC425447D7200FE25D5 /* Products */,
				F40063910A6BFC157030E740 /* Pods */,
				0407BF5AF90CF51A7B92AF1E /* Frameworks */,
			);
			sourceTree = "<group>";
		};
		7656FFC425447D7200FE25D5 /* Products */ = {
			isa = PBXGroup;
			children = (
				7656FFC325447D7200FE25D5 /* LXSwiftSecurityModule.app */,
			);
			name = Products;
			sourceTree = "<group>";
		};
		7656FFC525447D7200FE25D5 /* LXSwiftSecurityModule */ = {
			isa = PBXGroup;
			children = (
				7656FFC625447D7200FE25D5 /* AppDelegate.swift */,
				7656FFC825447D7200FE25D5 /* SceneDelegate.swift */,
				7656FFCA25447D7200FE25D5 /* ViewController.swift */,
				7656FFCC25447D7200FE25D5 /* Main.storyboard */,
				7656FFCF25447D7400FE25D5 /* Assets.xcassets */,
				7656FFD125447D7400FE25D5 /* LaunchScreen.storyboard */,
				7656FFD425447D7400FE25D5 /* Info.plist */,
			);
			path = LXSwiftSecurityModule;
			sourceTree = "<group>";
		};
		7656FFDA25447D8600FE25D5 /* LXSwiftSecurity */ = {
			isa = PBXGroup;
			children = (
				7656FFDB25447D8600FE25D5 /* LXSwiftAES.swift */,
				7656FFDF2544999000FE25D5 /* LXSwiftRSA.swift */,
				7656FFDD2544847400FE25D5 /* LXSwiftSecurity.swift */,
				76244C30254540CC00F52C3D /* LXSwiftSign.swift */,
				76244C322545468B00F52C3D /* LXSwiftHASH.swift */,
			);
			path = LXSwiftSecurity;
			sourceTree = "<group>";
		};
		F40063910A6BFC157030E740 /* Pods */ = {
			isa = PBXGroup;
			children = (
				49DA8DE3F03B698ACC082C32 /* Pods-LXSwiftSecurityModule.debug.xcconfig */,
				79D92BF8D2391A9F6475F476 /* Pods-LXSwiftSecurityModule.release.xcconfig */,
			);
			path = Pods;
			sourceTree = "<group>";
		};
/* End PBXGroup section */

/* Begin PBXNativeTarget section */
		7656FFC225447D7200FE25D5 /* LXSwiftSecurityModule */ = {
			isa = PBXNativeTarget;
			buildConfigurationList = 7656FFD725447D7400FE25D5 /* Build configuration list for PBXNativeTarget "LXSwiftSecurityModule" */;
			buildPhases = (
				BBD0457FA3ABA37CAEFA2EB4 /* [CP] Check Pods Manifest.lock */,
				7656FFBF25447D7200FE25D5 /* Sources */,
				7656FFC025447D7200FE25D5 /* Frameworks */,
				7656FFC125447D7200FE25D5 /* Resources */,
				87BA2B05101F49E616FE3CBC /* [CP] Embed Pods Frameworks */,
			);
			buildRules = (
			);
			dependencies = (
			);
			name = LXSwiftSecurityModule;
			productName = LXSwiftSecurityModule;
			productReference = 7656FFC325447D7200FE25D5 /* LXSwiftSecurityModule.app */;
			productType = "com.apple.product-type.application";
		};
/* End PBXNativeTarget section */

/* Begin PBXProject section */
		7656FFBB25447D7200FE25D5 /* Project object */ = {
			isa = PBXProject;
			attributes = {
				LastSwiftUpdateCheck = 1140;
				LastUpgradeCheck = 1140;
				ORGANIZATIONNAME = "李响";
				TargetAttributes = {
					7656FFC225447D7200FE25D5 = {
						CreatedOnToolsVersion = 11.4;
					};
				};
			};
			buildConfigurationList = 7656FFBE25447D7200FE25D5 /* Build configuration list for PBXProject "LXSwiftSecurityModule" */;
			compatibilityVersion = "Xcode 9.3";
			developmentRegion = en;
			hasScannedForEncodings = 0;
			knownRegions = (
				en,
				Base,
			);
			mainGroup = 7656FFBA25447D7200FE25D5;
			productRefGroup = 7656FFC425447D7200FE25D5 /* Products */;
			projectDirPath = "";
			projectRoot = "";
			targets = (
				7656FFC225447D7200FE25D5 /* LXSwiftSecurityModule */,
			);
		};
/* End PBXProject section */

/* Begin PBXResourcesBuildPhase section */
		7656FFC125447D7200FE25D5 /* Resources */ = {
			isa = PBXResourcesBuildPhase;
			buildActionMask = 2147483647;
			files = (
				767CC65225456EEB0019E67A /* LXSwiftSecurity.podspec in Resources */,
				7656FFD325447D7400FE25D5 /* LaunchScreen.storyboard in Resources */,
				7656FFD025447D7400FE25D5 /* Assets.xcassets in Resources */,
				7656FFCE25447D7200FE25D5 /* Main.storyboard in Resources */,
			);
			runOnlyForDeploymentPostprocessing = 0;
		};
/* End PBXResourcesBuildPhase section */

/* Begin PBXShellScriptBuildPhase section */
		87BA2B05101F49E616FE3CBC /* [CP] Embed Pods Frameworks */ = {
			isa = PBXShellScriptBuildPhase;
			buildActionMask = 2147483647;
			files = (
			);
			inputFileListPaths = (
				"${PODS_ROOT}/Target Support Files/Pods-LXSwiftSecurityModule/Pods-LXSwiftSecurityModule-frameworks-${CONFIGURATION}-input-files.xcfilelist",
			);
			name = "[CP] Embed Pods Frameworks";
			outputFileListPaths = (
				"${PODS_ROOT}/Target Support Files/Pods-LXSwiftSecurityModule/Pods-LXSwiftSecurityModule-frameworks-${CONFIGURATION}-output-files.xcfilelist",
			);
			runOnlyForDeploymentPostprocessing = 0;
			shellPath = /bin/sh;
			shellScript = "\"${PODS_ROOT}/Target Support Files/Pods-LXSwiftSecurityModule/Pods-LXSwiftSecurityModule-frameworks.sh\"\n";
			showEnvVarsInLog = 0;
		};
		BBD0457FA3ABA37CAEFA2EB4 /* [CP] Check Pods Manifest.lock */ = {
			isa = PBXShellScriptBuildPhase;
			buildActionMask = 2147483647;
			files = (
			);
			inputFileListPaths = (
			);
			inputPaths = (
				"${PODS_PODFILE_DIR_PATH}/Podfile.lock",
				"${PODS_ROOT}/Manifest.lock",
			);
			name = "[CP] Check Pods Manifest.lock";
			outputFileListPaths = (
			);
			outputPaths = (
				"$(DERIVED_FILE_DIR)/Pods-LXSwiftSecurityModule-checkManifestLockResult.txt",
			);
			runOnlyForDeploymentPostprocessing = 0;
			shellPath = /bin/sh;
			shellScript = "diff \"${PODS_PODFILE_DIR_PATH}/Podfile.lock\" \"${PODS_ROOT}/Manifest.lock\" > /dev/null\nif [ $? != 0 ] ; then\n    # print error to STDERR\n    echo \"error: The sandbox is not in sync with the Podfile.lock. Run 'pod install' or update your CocoaPods installation.\" >&2\n    exit 1\nfi\n# This output is used by Xcode 'outputs' to avoid re-running this script phase.\necho \"SUCCESS\" > \"${SCRIPT_OUTPUT_FILE_0}\"\n";
			showEnvVarsInLog = 0;
		};
/* End PBXShellScriptBuildPhase section */

/* Begin PBXSourcesBuildPhase section */
		7656FFBF25447D7200FE25D5 /* Sources */ = {
			isa = PBXSourcesBuildPhase;
			buildActionMask = 2147483647;
			files = (
				7656FFCB25447D7200FE25D5 /* ViewController.swift in Sources */,
				76244C332545468B00F52C3D /* LXSwiftHASH.swift in Sources */,
				7656FFDC25447D8600FE25D5 /* LXSwiftAES.swift in Sources */,
				7656FFC725447D7200FE25D5 /* AppDelegate.swift in Sources */,
				7656FFC925447D7200FE25D5 /* SceneDelegate.swift in Sources */,
				76244C31254540CC00F52C3D /* LXSwiftSign.swift in Sources */,
				7656FFE02544999000FE25D5 /* LXSwiftRSA.swift in Sources */,
				7656FFDE2544847400FE25D5 /* LXSwiftSecurity.swift in Sources */,
			);
			runOnlyForDeploymentPostprocessing = 0;
		};
/* End PBXSourcesBuildPhase section */

/* Begin PBXVariantGroup section */
		7656FFCC25447D7200FE25D5 /* Main.storyboard */ = {
			isa = PBXVariantGroup;
			children = (
				7656FFCD25447D7200FE25D5 /* Base */,
			);
			name = Main.storyboard;
			sourceTree = "<group>";
		};
		7656FFD125447D7400FE25D5 /* LaunchScreen.storyboard */ = {
			isa = PBXVariantGroup;
			children = (
				7656FFD225447D7400FE25D5 /* Base */,
			);
			name = LaunchScreen.storyboard;
			sourceTree = "<group>";
		};
/* End PBXVariantGroup section */

/* Begin XCBuildConfiguration section */
		7656FFD525447D7400FE25D5 /* Debug */ = {
			isa = XCBuildConfiguration;
			buildSettings = {
				ALWAYS_SEARCH_USER_PATHS = NO;
				CLANG_ANALYZER_NONNULL = YES;
				CLANG_ANALYZER_NUMBER_OBJECT_CONVERSION = YES_AGGRESSIVE;
				CLANG_CXX_LANGUAGE_STANDARD = "gnu++14";
				CLANG_CXX_LIBRARY = "libc++";
				CLANG_ENABLE_MODULES = YES;
				CLANG_ENABLE_OBJC_ARC = YES;
				CLANG_ENABLE_OBJC_WEAK = YES;
				CLANG_WARN_BLOCK_CAPTURE_AUTORELEASING = YES;
				CLANG_WARN_BOOL_CONVERSION = YES;
				CLANG_WARN_COMMA = YES;
				CLANG_WARN_CONSTANT_CONVERSION = YES;
				CLANG_WARN_DEPRECATED_OBJC_IMPLEMENTATIONS = YES;
				CLANG_WARN_DIRECT_OBJC_ISA_USAGE = YES_ERROR;
				CLANG_WARN_DOCUMENTATION_COMMENTS = YES;
				CLANG_WARN_EMPTY_BODY = YES;
				CLANG_WARN_ENUM_CONVERSION = YES;
				CLANG_WARN_INFINITE_RECURSION = YES;
				CLANG_WARN_INT_CONVERSION = YES;
				CLANG_WARN_NON_LITERAL_NULL_CONVERSION = YES;
				CLANG_WARN_OBJC_IMPLICIT_RETAIN_SELF = YES;
				CLANG_WARN_OBJC_LITERAL_CONVERSION = YES;
				CLANG_WARN_OBJC_ROOT_CLASS = YES_ERROR;
				CLANG_WARN_RANGE_LOOP_ANALYSIS = YES;
				CLANG_WARN_STRICT_PROTOTYPES = YES;
				CLANG_WARN_SUSPICIOUS_MOVE = YES;
				CLANG_WARN_UNGUARDED_AVAILABILITY = YES_AGGRESSIVE;
				CLANG_WARN_UNREACHABLE_CODE = YES;
				CLANG_WARN__DUPLICATE_METHOD_MATCH = YES;
				COPY_PHASE_STRIP = NO;
				DEBUG_INFORMATION_FORMAT = dwarf;
				ENABLE_STRICT_OBJC_MSGSEND = YES;
				ENABLE_TESTABILITY = YES;
				GCC_C_LANGUAGE_STANDARD = gnu11;
				GCC_DYNAMIC_NO_PIC = NO;
				GCC_NO_COMMON_BLOCKS = YES;
				GCC_OPTIMIZATION_LEVEL = 0;
				GCC_PREPROCESSOR_DEFINITIONS = (
					"DEBUG=1",
					"$(inherited)",
				);
				GCC_WARN_64_TO_32_BIT_CONVERSION = YES;
				GCC_WARN_ABOUT_RETURN_TYPE = YES_ERROR;
				GCC_WARN_UNDECLARED_SELECTOR = YES;
				GCC_WARN_UNINITIALIZED_AUTOS = YES_AGGRESSIVE;
				GCC_WARN_UNUSED_FUNCTION = YES;
				GCC_WARN_UNUSED_VARIABLE = YES;
				IPHONEOS_DEPLOYMENT_TARGET = 13.4;
				MTL_ENABLE_DEBUG_INFO = INCLUDE_SOURCE;
				MTL_FAST_MATH = YES;
				ONLY_ACTIVE_ARCH = YES;
				SDKROOT = iphoneos;
				SWIFT_ACTIVE_COMPILATION_CONDITIONS = DEBUG;
				SWIFT_OPTIMIZATION_LEVEL = "-Onone";
			};
			name = Debug;
		};
		7656FFD625447D7400FE25D5 /* Release */ = {
			isa = XCBuildConfiguration;
			buildSettings = {
				ALWAYS_SEARCH_USER_PATHS = NO;
				CLANG_ANALYZER_NONNULL = YES;
				CLANG_ANALYZER_NUMBER_OBJECT_CONVERSION = YES_AGGRESSIVE;
				CLANG_CXX_LANGUAGE_STANDARD = "gnu++14";
				CLANG_CXX_LIBRARY = "libc++";
				CLANG_ENABLE_MODULES = YES;
				CLANG_ENABLE_OBJC_ARC = YES;
				CLANG_ENABLE_OBJC_WEAK = YES;
				CLANG_WARN_BLOCK_CAPTURE_AUTORELEASING = YES;
				CLANG_WARN_BOOL_CONVERSION = YES;
				CLANG_WARN_COMMA = YES;
				CLANG_WARN_CONSTANT_CONVERSION = YES;
				CLANG_WARN_DEPRECATED_OBJC_IMPLEMENTATIONS = YES;
				CLANG_WARN_DIRECT_OBJC_ISA_USAGE = YES_ERROR;
				CLANG_WARN_DOCUMENTATION_COMMENTS = YES;
				CLANG_WARN_EMPTY_BODY = YES;
				CLANG_WARN_ENUM_CONVERSION = YES;
				CLANG_WARN_INFINITE_RECURSION = YES;
				CLANG_WARN_INT_CONVERSION = YES;
				CLANG_WARN_NON_LITERAL_NULL_CONVERSION = YES;
				CLANG_WARN_OBJC_IMPLICIT_RETAIN_SELF = YES;
				CLANG_WARN_OBJC_LITERAL_CONVERSION = YES;
				CLANG_WARN_OBJC_ROOT_CLASS = YES_ERROR;
				CLANG_WARN_RANGE_LOOP_ANALYSIS = YES;
				CLANG_WARN_STRICT_PROTOTYPES = YES;
				CLANG_WARN_SUSPICIOUS_MOVE = YES;
				CLANG_WARN_UNGUARDED_AVAILABILITY = YES_AGGRESSIVE;
				CLANG_WARN_UNREACHABLE_CODE = YES;
				CLANG_WARN__DUPLICATE_METHOD_MATCH = YES;
				COPY_PHASE_STRIP = NO;
				DEBUG_INFORMATION_FORMAT = "dwarf-with-dsym";
				ENABLE_NS_ASSERTIONS = NO;
				ENABLE_STRICT_OBJC_MSGSEND = YES;
				GCC_C_LANGUAGE_STANDARD = gnu11;
				GCC_NO_COMMON_BLOCKS = YES;
				GCC_WARN_64_TO_32_BIT_CONVERSION = YES;
				GCC_WARN_ABOUT_RETURN_TYPE = YES_ERROR;
				GCC_WARN_UNDECLARED_SELECTOR = YES;
				GCC_WARN_UNINITIALIZED_AUTOS = YES_AGGRESSIVE;
				GCC_WARN_UNUSED_FUNCTION = YES;
				GCC_WARN_UNUSED_VARIABLE = YES;
				IPHONEOS_DEPLOYMENT_TARGET = 13.4;
				MTL_ENABLE_DEBUG_INFO = NO;
				MTL_FAST_MATH = YES;
				SDKROOT = iphoneos;
				SWIFT_COMPILATION_MODE = wholemodule;
				SWIFT_OPTIMIZATION_LEVEL = "-O";
				VALIDATE_PRODUCT = YES;
			};
			name = Release;
		};
		7656FFD825447D7400FE25D5 /* Debug */ = {
			isa = XCBuildConfiguration;
			baseConfigurationReference = 49DA8DE3F03B698ACC082C32 /* Pods-LXSwiftSecurityModule.debug.xcconfig */;
			buildSettings = {
				ASSETCATALOG_COMPILER_APPICON_NAME = AppIcon;
				CODE_SIGN_STYLE = Automatic;
				INFOPLIST_FILE = LXSwiftSecurityModule/Info.plist;
				LD_RUNPATH_SEARCH_PATHS = (
					"$(inherited)",
					"@executable_path/Frameworks",
				);
				PRODUCT_BUNDLE_IDENTIFIER = XLee.LXSwiftSecurityModule;
				PRODUCT_NAME = "$(TARGET_NAME)";
				SWIFT_VERSION = 5.0;
				TARGETED_DEVICE_FAMILY = "1,2";
			};
			name = Debug;
		};
		7656FFD925447D7400FE25D5 /* Release */ = {
			isa = XCBuildConfiguration;
			baseConfigurationReference = 79D92BF8D2391A9F6475F476 /* Pods-LXSwiftSecurityModule.release.xcconfig */;
			buildSettings = {
				ASSETCATALOG_COMPILER_APPICON_NAME = AppIcon;
				CODE_SIGN_STYLE = Automatic;
				INFOPLIST_FILE = LXSwiftSecurityModule/Info.plist;
				LD_RUNPATH_SEARCH_PATHS = (
					"$(inherited)",
					"@executable_path/Frameworks",
				);
				PRODUCT_BUNDLE_IDENTIFIER = XLee.LXSwiftSecurityModule;
				PRODUCT_NAME = "$(TARGET_NAME)";
				SWIFT_VERSION = 5.0;
				TARGETED_DEVICE_FAMILY = "1,2";
			};
			name = Release;
		};
/* End XCBuildConfiguration section */

/* Begin XCConfigurationList section */
		7656FFBE25447D7200FE25D5 /* Build configuration list for PBXProject "LXSwiftSecurityModule" */ = {
			isa = XCConfigurationList;
			buildConfigurations = (
				7656FFD525447D7400FE25D5 /* Debug */,
				7656FFD625447D7400FE25D5 /* Release */,
			);
			defaultConfigurationIsVisible = 0;
			defaultConfigurationName = Release;
		};
		7656FFD725447D7400FE25D5 /* Build configuration list for PBXNativeTarget "LXSwiftSecurityModule" */ = {
			isa = XCConfigurationList;
			buildConfigurations = (
				7656FFD825447D7400FE25D5 /* Debug */,
				7656FFD925447D7400FE25D5 /* Release */,
			);
			defaultConfigurationIsVisible = 0;
			defaultConfigurationName = Release;
		};
/* End XCConfigurationList section */
	};
	rootObject = 7656FFBB25447D7200FE25D5 /* Project object */;
}
